
Microsoft Visual Studio Solution File, Format Version 12.00
# Visual Studio Version 16
VisualStudioVersion = 16.0.33927.289
MinimumVisualStudioVersion = 10.0.40219.1
Project("{FAE04EC0-301F-11D3-BF4B-00C04F79EFBC}") = "14. loops while and do while", "14. loops while and do while\14. loops while and do while.csproj", "{5DE1737C-2430-4841-B21D-5D252393DACB}"
EndProject
Global
	GlobalSection(SolutionConfigurationPlatforms) = preSolution
		Debug|Any CPU = Debug|Any CPU
		Release|Any CPU = Release|Any CPU
	EndGlobalSection
	GlobalSection(ProjectConfigurationPlatforms) = postSolution
		{5DE1737C-2430-4841-B21D-5D252393DACB}.Debug|Any CPU.ActiveCfg = Debug|Any CPU
		{5DE1737C-2430-4841-B21D-5D252393DACB}.Debug|Any CPU.Build.0 = Debug|Any CPU
		{5DE1737C-2430-4841-B21D-5D252393DACB}.Release|Any CPU.ActiveCfg = Release|Any CPU
		{5DE1737C-2430-4841-B21D-5D252393DACB}.Release|Any CPU.Build.0 = Release|Any CPU
	EndGlobalSection
	GlobalSection(SolutionProperties) = preSolution
		HideSolutionNode = FALSE
	EndGlobalSection
	GlobalSection(ExtensibilityGlobals) = postSolution
		SolutionGuid = {844A8829-6073-42D1-9E77-A53186670F2B}
	EndGlobalSection
EndGlobal
